
Microsoft Visual Studio Solution File, Format Version 12.00
# Visual Studio Version 17
VisualStudioVersion = 17.5.33627.172
MinimumVisualStudioVersion = 10.0.40219.1
Project("{FAE04EC0-301F-11D3-BF4B-00C04F79EFBC}") = "medical_family_card", "medical_family_card\medical_family_card.csproj", "{7D05D372-A63F-4B9F-960F-FB7B5B5C3DC2}"
EndProject
Global
	GlobalSection(SolutionConfigurationPlatforms) = preSolution
		Debug|Any CPU = Debug|Any CPU
		Release|Any CPU = Release|Any CPU
	EndGlobalSection
	GlobalSection(ProjectConfigurationPlatforms) = postSolution
		{7D05D372-A63F-4B9F-960F-FB7B5B5C3DC2}.Debug|Any CPU.ActiveCfg = Debug|Any CPU
		{7D05D372-A63F-4B9F-960F-FB7B5B5C3DC2}.Debug|Any CPU.Build.0 = Debug|Any CPU
		{7D05D372-A63F-4B9F-960F-FB7B5B5C3DC2}.Release|Any CPU.ActiveCfg = Release|Any CPU
		{7D05D372-A63F-4B9F-960F-FB7B5B5C3DC2}.Release|Any CPU.Build.0 = Release|Any CPU
	EndGlobalSection
	GlobalSection(SolutionProperties) = preSolution
		HideSolutionNode = FALSE
	EndGlobalSection
	GlobalSection(ExtensibilityGlobals) = postSolution
		SolutionGuid = {1D555AED-C44D-48D5-9D02-3BA864C7CA81}
	EndGlobalSection
EndGlobal
